{
  "name": "project4",
  "version": "1.0.0",
  "lockfileVersion": 2,
  "requires": true,
  "packages": {
    "": {
      "name": "project4",
      "version": "1.0.0",
      "license": "ISC",
      "dependencies": {
        "bootstrap": "^5.3.0-alpha2",
        "bootstrap-icons": "^1.10.3",
        "thumbor": "^0.1.5"
      }
    },
    "node_modules/@popperjs/core": {
      "version": "2.11.7",
      "resolved": "https://registry.npmjs.org/@popperjs/core/-/core-2.11.7.tgz",
      "integrity": "sha512-Cr4OjIkipTtcXKjAsm8agyleBuDHvxzeBoa1v543lbv1YaIwQjESsVcmjiWiPEbC1FIeHOG/Op9kdCmAmiS3Kw==",
      "peer": true,
      "funding": {
        "type": "opencollective",
        "url": "https://opencollective.com/popperjs"
      }
    },
    "node_modules/bootstrap": {
      "version": "5.3.0-alpha3",
      "resolved": "https://registry.npmjs.org/bootstrap/-/bootstrap-5.3.0-alpha3.tgz",
      "integrity": "sha512-FBhOWMxkCFr74hesJdchLXhqagPTXS+kRNU3gE0FR5Ki/AdPSz32Ik96Z28+yBluCnE/pc9st7l1yPwKgbtfSA==",
      "funding": [
        {
          "type": "github",
          "url": "https://github.com/sponsors/twbs"
        },
        {
          "type": "opencollective",
          "url": "https://opencollective.com/bootstrap"
        }
      ],
      "peerDependencies": {
        "@popperjs/core": "^2.11.7"
      }
    },
    "node_modules/bootstrap-icons": {
      "version": "1.10.3",
      "resolved": "https://registry.npmjs.org/bootstrap-icons/-/bootstrap-icons-1.10.3.tgz",
      "integrity": "sha512-7Qvj0j0idEm/DdX9Q0CpxAnJYqBCFCiUI6qzSPYfERMcokVuV9Mdm/AJiVZI8+Gawe4h/l6zFcOzvV7oXCZArw=="
    },
    "node_modules/thumbor": {
      "version": "0.1.5",
      "resolved": "https://registry.npmjs.org/thumbor/-/thumbor-0.1.5.tgz",
      "integrity": "sha512-I3fihp3+rVfJEcqLT26pmbU+VNSU9/+FGu9xftANBE42HHyN7/VJgH+7hTI1cMgbEeO9wj+9TGiOl5QNNmB9vw=="
    }
  },
  "dependencies": {
    "@popperjs/core": {
      "version": "2.11.7",
      "resolved": "https://registry.npmjs.org/@popperjs/core/-/core-2.11.7.tgz",
      "integrity": "sha512-Cr4OjIkipTtcXKjAsm8agyleBuDHvxzeBoa1v543lbv1YaIwQjESsVcmjiWiPEbC1FIeHOG/Op9kdCmAmiS3Kw==",
      "peer": true
    },
    "bootstrap": {
      "version": "5.3.0-alpha3",
      "resolved": "https://registry.npmjs.org/bootstrap/-/bootstrap-5.3.0-alpha3.tgz",
      "integrity": "sha512-FBhOWMxkCFr74hesJdchLXhqagPTXS+kRNU3gE0FR5Ki/AdPSz32Ik96Z28+yBluCnE/pc9st7l1yPwKgbtfSA==",
      "requires": {}
    },
    "bootstrap-icons": {
      "version": "1.10.3",
      "resolved": "https://registry.npmjs.org/bootstrap-icons/-/bootstrap-icons-1.10.3.tgz",
      "integrity": "sha512-7Qvj0j0idEm/DdX9Q0CpxAnJYqBCFCiUI6qzSPYfERMcokVuV9Mdm/AJiVZI8+Gawe4h/l6zFcOzvV7oXCZArw=="
    },
    "thumbor": {
      "version": "0.1.5",
      "resolved": "https://registry.npmjs.org/thumbor/-/thumbor-0.1.5.tgz",
      "integrity": "sha512-I3fihp3+rVfJEcqLT26pmbU+VNSU9/+FGu9xftANBE42HHyN7/VJgH+7hTI1cMgbEeO9wj+9TGiOl5QNNmB9vw=="
    }
  }
}
